
Microsoft Visual Studio Solution File, Format Version 12.00
# Visual Studio Version 17
VisualStudioVersion = 17.5.002.0
MinimumVisualStudioVersion = 10.0.40219.1
Project("{9A19103F-16F7-4668-BE54-9A1E7A4F7556}") = "API_Test", "API_Test.csproj", "{3CCEDAA9-892B-46BA-A7FD-7D1B70DB8B96}"
EndProject
Global
	GlobalSection(SolutionConfigurationPlatforms) = preSolution
		Debug|Any CPU = Debug|Any CPU
		Release|Any CPU = Release|Any CPU
	EndGlobalSection
	GlobalSection(ProjectConfigurationPlatforms) = postSolution
		{3CCEDAA9-892B-46BA-A7FD-7D1B70DB8B96}.Debug|Any CPU.ActiveCfg = Debug|Any CPU
		{3CCEDAA9-892B-46BA-A7FD-7D1B70DB8B96}.Debug|Any CPU.Build.0 = Debug|Any CPU
		{3CCEDAA9-892B-46BA-A7FD-7D1B70DB8B96}.Release|Any CPU.ActiveCfg = Release|Any CPU
		{3CCEDAA9-892B-46BA-A7FD-7D1B70DB8B96}.Release|Any CPU.Build.0 = Release|Any CPU
	EndGlobalSection
	GlobalSection(SolutionProperties) = preSolution
		HideSolutionNode = FALSE
	EndGlobalSection
	GlobalSection(ExtensibilityGlobals) = postSolution
		SolutionGuid = {7CBE08B7-0DA7-472D-AA4E-DDDD129A1A81}
	EndGlobalSection
EndGlobal
